{
  "name": "@skillful/eslint-config",
  "version": "1.0.0",
  "lockfileVersion": 2,
  "requires": true,
  "packages": {
    "": {
      "name": "@skillful/eslint-config",
      "version": "1.0.0",
      "license": "MIT",
      "dependencies": {
        "eslint-config-react": "^1.1.7"
      }
    },
    "node_modules/eslint-config-react": {
      "version": "1.1.7",
      "resolved": "https://registry.npmjs.org/eslint-config-react/-/eslint-config-react-1.1.7.tgz",
      "integrity": "sha1-oJGND8R9DpvRYaRzCAIdqF0lhbM="
    }
  },
  "dependencies": {
    "eslint-config-react": {
      "version": "1.1.7",
      "resolved": "https://registry.npmjs.org/eslint-config-react/-/eslint-config-react-1.1.7.tgz",
      "integrity": "sha1-oJGND8R9DpvRYaRzCAIdqF0lhbM="
    }
  }
}
